
Microsoft Visual Studio Solution File, Format Version 12.00
# Visual Studio Version 17
VisualStudioVersion = 17.0.31815.197
MinimumVisualStudioVersion = 10.0.40219.1
Project("{2150E333-8FDC-42A3-9474-1A3956D46DE8}") = "apps", "apps", "{6A1A1E25-CA93-446C-9677-70E2B00A70FC}"
EndProject
Project("{2150E333-8FDC-42A3-9474-1A3956D46DE8}") = "Solution Items", "Solution Items", "{620D3C2B-DA29-4613-9428-3BE931140BFD}"
	ProjectSection(SolutionItems) = preProject
		.editorconfig = .editorconfig
		.gitattributes = .gitattributes
		.gitignore = .gitignore
		src\Directory.Build.props = src\Directory.Build.props
		.github\workflows\dotnet.yml = .github\workflows\dotnet.yml
		global.json = global.json
		LICENSE = LICENSE
		README.md = README.md
	EndProjectSection
EndProject
Project("{2150E333-8FDC-42A3-9474-1A3956D46DE8}") = "libs", "libs", "{BAA5012B-8770-4776-A793-C9890F7A0BC3}"
	ProjectSection(SolutionItems) = preProject
		src\libs\Directory.Build.props = src\libs\Directory.Build.props
	EndProjectSection
EndProject
Project("{9A19103F-16F7-4668-BE54-9A1E7A4F7556}") = "Ratbuddyssey.Apps.Core", "src\libs\Ratbuddyssey.Apps.Core\Ratbuddyssey.Apps.Core.csproj", "{A53DA76F-0057-4533-832E-3B4FC57967F4}"
EndProject
Project("{2150E333-8FDC-42A3-9474-1A3956D46DE8}") = "shared", "shared", "{BA76CFC8-6CD7-434C-A613-769C29EEF3D9}"
EndProject
Project("{D954291E-2A0B-460D-934E-DC6B0785DB48}") = "Ratbuddyssey.Apps.Shared", "src\shared\Ratbuddyssey.Apps.Shared\Ratbuddyssey.Apps.Shared.shproj", "{264A09D3-F3F5-4A21-92E6-CBFEAA604FFE}"
EndProject
Project("{9A19103F-16F7-4668-BE54-9A1E7A4F7556}") = "Ratbuddyssey.Apps.Wpf", "src\apps\Ratbuddyssey.Apps.Wpf\Ratbuddyssey.Apps.Wpf.csproj", "{D73146AD-2465-40AE-9856-5A416328400F}"
EndProject
Project("{FAE04EC0-301F-11D3-BF4B-00C04F79EFBC}") = "Ratbuddyssey.Apps.Uwp", "src\apps\Ratbuddyssey.Apps.Uwp\Ratbuddyssey.Apps.Uwp.csproj", "{2B65E186-B9E6-4CEF-9AE6-478C6DE59BC4}"
EndProject
Project("{9A19103F-16F7-4668-BE54-9A1E7A4F7556}") = "Ratbuddyssey.Apps.WinUI", "src\apps\Ratbuddyssey.Apps.WinUI\Ratbuddyssey.Apps.WinUI.csproj", "{689EEA5E-FBF9-493C-A04C-4D7FAA139EB9}"
EndProject
Project("{9A19103F-16F7-4668-BE54-9A1E7A4F7556}") = "Ratbuddyssey.Apps.Avalonia", "src\apps\Ratbuddyssey.Apps.Avalonia\Ratbuddyssey.Apps.Avalonia.csproj", "{65287D73-4831-45E6-BFAA-926CC9CAF5CE}"
EndProject
Project("{2150E333-8FDC-42A3-9474-1A3956D46DE8}") = "Uno", "Uno", "{46D5196E-876A-4174-A047-B754A1BFE26C}"
EndProject
Project("{2150E333-8FDC-42A3-9474-1A3956D46DE8}") = "Ratbuddyssey.Apps.Uno.Core", "Ratbuddyssey.Apps.Uno.Core", "{D8D86138-03D5-4BA4-8C19-8CAA9A22945B}"
	ProjectSection(SolutionItems) = preProject
		src\apps\Uno\Ratbuddyssey.Apps.Uno.Core\Directory.Build.props = src\apps\Uno\Ratbuddyssey.Apps.Uno.Core\Directory.Build.props
	EndProjectSection
EndProject
Project("{9A19103F-16F7-4668-BE54-9A1E7A4F7556}") = "Ratbuddyssey.Apps.Uno.Core.Standard", "src\apps\Uno\Ratbuddyssey.Apps.Uno.Core\Ratbuddyssey.Apps.Uno.Core.Standard\Ratbuddyssey.Apps.Uno.Core.Standard.csproj", "{6C4803D0-E45A-42D9-B42A-0B1AA059D823}"
EndProject
Project("{9A19103F-16F7-4668-BE54-9A1E7A4F7556}") = "Ratbuddyssey.Apps.Uno.WebAssembly", "src\apps\Uno\Ratbuddyssey.Apps.Uno.WebAssembly\Ratbuddyssey.Apps.Uno.WebAssembly.csproj", "{F2315EB9-378E-4628-A7E9-01796438254D}"
EndProject
Project("{D954291E-2A0B-460D-934E-DC6B0785DB48}") = "Ratbuddyssey.Apps.WinUI.Shared", "src\shared\Ratbuddyssey.Apps.WinUI.Shared\Ratbuddyssey.Apps.WinUI.Shared.shproj", "{6279C845-92F8-4333-AB99-3D213163593C}"
EndProject
Global
	GlobalSection(SolutionConfigurationPlatforms) = preSolution
		Debug|Any CPU = Debug|Any CPU
		Debug|ARM = Debug|ARM
		Debug|arm64 = Debug|arm64
		Debug|x64 = Debug|x64
		Debug|x86 = Debug|x86
		Release|Any CPU = Release|Any CPU
		Release|ARM = Release|ARM
		Release|arm64 = Release|arm64
		Release|x64 = Release|x64
		Release|x86 = Release|x86
	EndGlobalSection
	GlobalSection(ProjectConfigurationPlatforms) = postSolution
		{A53DA76F-0057-4533-832E-3B4FC57967F4}.Debug|Any CPU.ActiveCfg = Debug|Any CPU
		{A53DA76F-0057-4533-832E-3B4FC57967F4}.Debug|Any CPU.Build.0 = Debug|Any CPU
		{A53DA76F-0057-4533-832E-3B4FC57967F4}.Debug|ARM.ActiveCfg = Debug|Any CPU
		{A53DA76F-0057-4533-832E-3B4FC57967F4}.Debug|ARM.Build.0 = Debug|Any CPU
		{A53DA76F-0057-4533-832E-3B4FC57967F4}.Debug|arm64.ActiveCfg = Debug|Any CPU
		{A53DA76F-0057-4533-832E-3B4FC57967F4}.Debug|arm64.Build.0 = Debug|Any CPU
		{A53DA76F-0057-4533-832E-3B4FC57967F4}.Debug|x64.ActiveCfg = Debug|Any CPU
		{A53DA76F-0057-4533-832E-3B4FC57967F4}.Debug|x64.Build.0 = Debug|Any CPU
		{A53DA76F-0057-4533-832E-3B4FC57967F4}.Debug|x86.ActiveCfg = Debug|Any CPU
		{A53DA76F-0057-4533-832E-3B4FC57967F4}.Debug|x86.Build.0 = Debug|Any CPU
		{A53DA76F-0057-4533-832E-3B4FC57967F4}.Release|Any CPU.ActiveCfg = Release|Any CPU
		{A53DA76F-0057-4533-832E-3B4FC57967F4}.Release|Any CPU.Build.0 = Release|Any CPU
		{A53DA76F-0057-4533-832E-3B4FC57967F4}.Release|ARM.ActiveCfg = Release|Any CPU
		{A53DA76F-0057-4533-832E-3B4FC57967F4}.Release|ARM.Build.0 = Release|Any CPU
		{A53DA76F-0057-4533-832E-3B4FC57967F4}.Release|arm64.ActiveCfg = Release|Any CPU
		{A53DA76F-0057-4533-832E-3B4FC57967F4}.Release|arm64.Build.0 = Release|Any CPU
		{A53DA76F-0057-4533-832E-3B4FC57967F4}.Release|x64.ActiveCfg = Release|Any CPU
		{A53DA76F-0057-4533-832E-3B4FC57967F4}.Release|x64.Build.0 = Release|Any CPU
		{A53DA76F-0057-4533-832E-3B4FC57967F4}.Release|x86.ActiveCfg = Release|Any CPU
		{A53DA76F-0057-4533-832E-3B4FC57967F4}.Release|x86.Build.0 = Release|Any CPU
		{D73146AD-2465-40AE-9856-5A416328400F}.Debug|Any CPU.ActiveCfg = Debug|Any CPU
		{D73146AD-2465-40AE-9856-5A416328400F}.Debug|Any CPU.Build.0 = Debug|Any CPU
		{D73146AD-2465-40AE-9856-5A416328400F}.Debug|ARM.ActiveCfg = Debug|Any CPU
		{D73146AD-2465-40AE-9856-5A416328400F}.Debug|ARM.Build.0 = Debug|Any CPU
		{D73146AD-2465-40AE-9856-5A416328400F}.Debug|arm64.ActiveCfg = Debug|Any CPU
		{D73146AD-2465-40AE-9856-5A416328400F}.Debug|arm64.Build.0 = Debug|Any CPU
		{D73146AD-2465-40AE-9856-5A416328400F}.Debug|x64.ActiveCfg = Debug|Any CPU
		{D73146AD-2465-40AE-9856-5A416328400F}.Debug|x64.Build.0 = Debug|Any CPU
		{D73146AD-2465-40AE-9856-5A416328400F}.Debug|x86.ActiveCfg = Debug|Any CPU
		{D73146AD-2465-40AE-9856-5A416328400F}.Debug|x86.Build.0 = Debug|Any CPU
		{D73146AD-2465-40AE-9856-5A416328400F}.Release|Any CPU.ActiveCfg = Release|Any CPU
		{D73146AD-2465-40AE-9856-5A416328400F}.Release|Any CPU.Build.0 = Release|Any CPU
		{D73146AD-2465-40AE-9856-5A416328400F}.Release|ARM.ActiveCfg = Release|Any CPU
		{D73146AD-2465-40AE-9856-5A416328400F}.Release|ARM.Build.0 = Release|Any CPU
		{D73146AD-2465-40AE-9856-5A416328400F}.Release|arm64.ActiveCfg = Release|Any CPU
		{D73146AD-2465-40AE-9856-5A416328400F}.Release|arm64.Build.0 = Release|Any CPU
		{D73146AD-2465-40AE-9856-5A416328400F}.Release|x64.ActiveCfg = Release|Any CPU
		{D73146AD-2465-40AE-9856-5A416328400F}.Release|x64.Build.0 = Release|Any CPU
		{D73146AD-2465-40AE-9856-5A416328400F}.Release|x86.ActiveCfg = Release|Any CPU
		{D73146AD-2465-40AE-9856-5A416328400F}.Release|x86.Build.0 = Release|Any CPU
		{2B65E186-B9E6-4CEF-9AE6-478C6DE59BC4}.Debug|Any CPU.ActiveCfg = Debug|x64
		{2B65E186-B9E6-4CEF-9AE6-478C6DE59BC4}.Debug|Any CPU.Build.0 = Debug|x64
		{2B65E186-B9E6-4CEF-9AE6-478C6DE59BC4}.Debug|Any CPU.Deploy.0 = Debug|x64
		{2B65E186-B9E6-4CEF-9AE6-478C6DE59BC4}.Debug|ARM.ActiveCfg = Debug|ARM
		{2B65E186-B9E6-4CEF-9AE6-478C6DE59BC4}.Debug|ARM.Build.0 = Debug|ARM
		{2B65E186-B9E6-4CEF-9AE6-478C6DE59BC4}.Debug|ARM.Deploy.0 = Debug|ARM
		{2B65E186-B9E6-4CEF-9AE6-478C6DE59BC4}.Debug|arm64.ActiveCfg = Debug|x64
		{2B65E186-B9E6-4CEF-9AE6-478C6DE59BC4}.Debug|arm64.Build.0 = Debug|x64
		{2B65E186-B9E6-4CEF-9AE6-478C6DE59BC4}.Debug|arm64.Deploy.0 = Debug|x64
		{2B65E186-B9E6-4CEF-9AE6-478C6DE59BC4}.Debug|x64.ActiveCfg = Debug|x64
		{2B65E186-B9E6-4CEF-9AE6-478C6DE59BC4}.Debug|x64.Build.0 = Debug|x64
		{2B65E186-B9E6-4CEF-9AE6-478C6DE59BC4}.Debug|x64.Deploy.0 = Debug|x64
		{2B65E186-B9E6-4CEF-9AE6-478C6DE59BC4}.Debug|x86.ActiveCfg = Debug|x86
		{2B65E186-B9E6-4CEF-9AE6-478C6DE59BC4}.Debug|x86.Build.0 = Debug|x86
		{2B65E186-B9E6-4CEF-9AE6-478C6DE59BC4}.Debug|x86.Deploy.0 = Debug|x86
		{2B65E186-B9E6-4CEF-9AE6-478C6DE59BC4}.Release|Any CPU.ActiveCfg = Release|x64
		{2B65E186-B9E6-4CEF-9AE6-478C6DE59BC4}.Release|Any CPU.Build.0 = Release|x64
		{2B65E186-B9E6-4CEF-9AE6-478C6DE59BC4}.Release|Any CPU.Deploy.0 = Release|x64
		{2B65E186-B9E6-4CEF-9AE6-478C6DE59BC4}.Release|ARM.ActiveCfg = Release|ARM
		{2B65E186-B9E6-4CEF-9AE6-478C6DE59BC4}.Release|ARM.Build.0 = Release|ARM
		{2B65E186-B9E6-4CEF-9AE6-478C6DE59BC4}.Release|ARM.Deploy.0 = Release|ARM
		{2B65E186-B9E6-4CEF-9AE6-478C6DE59BC4}.Release|arm64.ActiveCfg = Release|x64
		{2B65E186-B9E6-4CEF-9AE6-478C6DE59BC4}.Release|arm64.Build.0 = Release|x64
		{2B65E186-B9E6-4CEF-9AE6-478C6DE59BC4}.Release|arm64.Deploy.0 = Release|x64
		{2B65E186-B9E6-4CEF-9AE6-478C6DE59BC4}.Release|x64.ActiveCfg = Release|x64
		{2B65E186-B9E6-4CEF-9AE6-478C6DE59BC4}.Release|x64.Build.0 = Release|x64
		{2B65E186-B9E6-4CEF-9AE6-478C6DE59BC4}.Release|x64.Deploy.0 = Release|x64
		{2B65E186-B9E6-4CEF-9AE6-478C6DE59BC4}.Release|x86.ActiveCfg = Release|x86
		{2B65E186-B9E6-4CEF-9AE6-478C6DE59BC4}.Release|x86.Build.0 = Release|x86
		{2B65E186-B9E6-4CEF-9AE6-478C6DE59BC4}.Release|x86.Deploy.0 = Release|x86
		{689EEA5E-FBF9-493C-A04C-4D7FAA139EB9}.Debug|Any CPU.ActiveCfg = Debug|x64
		{689EEA5E-FBF9-493C-A04C-4D7FAA139EB9}.Debug|Any CPU.Build.0 = Debug|x64
		{689EEA5E-FBF9-493C-A04C-4D7FAA139EB9}.Debug|ARM.ActiveCfg = Debug|x64
		{689EEA5E-FBF9-493C-A04C-4D7FAA139EB9}.Debug|ARM.Build.0 = Debug|x64
		{689EEA5E-FBF9-493C-A04C-4D7FAA139EB9}.Debug|arm64.ActiveCfg = Debug|arm64
		{689EEA5E-FBF9-493C-A04C-4D7FAA139EB9}.Debug|arm64.Build.0 = Debug|arm64
		{689EEA5E-FBF9-493C-A04C-4D7FAA139EB9}.Debug|x64.ActiveCfg = Debug|x64
		{689EEA5E-FBF9-493C-A04C-4D7FAA139EB9}.Debug|x64.Build.0 = Debug|x64
		{689EEA5E-FBF9-493C-A04C-4D7FAA139EB9}.Debug|x86.ActiveCfg = Debug|x86
		{689EEA5E-FBF9-493C-A04C-4D7FAA139EB9}.Debug|x86.Build.0 = Debug|x86
		{689EEA5E-FBF9-493C-A04C-4D7FAA139EB9}.Release|Any CPU.ActiveCfg = Release|x64
		{689EEA5E-FBF9-493C-A04C-4D7FAA139EB9}.Release|Any CPU.Build.0 = Release|x64
		{689EEA5E-FBF9-493C-A04C-4D7FAA139EB9}.Release|ARM.ActiveCfg = Release|x64
		{689EEA5E-FBF9-493C-A04C-4D7FAA139EB9}.Release|ARM.Build.0 = Release|x64
		{689EEA5E-FBF9-493C-A04C-4D7FAA139EB9}.Release|arm64.ActiveCfg = Release|arm64
		{689EEA5E-FBF9-493C-A04C-4D7FAA139EB9}.Release|arm64.Build.0 = Release|arm64
		{689EEA5E-FBF9-493C-A04C-4D7FAA139EB9}.Release|x64.ActiveCfg = Release|x64
		{689EEA5E-FBF9-493C-A04C-4D7FAA139EB9}.Release|x64.Build.0 = Release|x64
		{689EEA5E-FBF9-493C-A04C-4D7FAA139EB9}.Release|x86.ActiveCfg = Release|x86
		{689EEA5E-FBF9-493C-A04C-4D7FAA139EB9}.Release|x86.Build.0 = Release|x86
		{65287D73-4831-45E6-BFAA-926CC9CAF5CE}.Debug|Any CPU.ActiveCfg = Debug|Any CPU
		{65287D73-4831-45E6-BFAA-926CC9CAF5CE}.Debug|Any CPU.Build.0 = Debug|Any CPU
		{65287D73-4831-45E6-BFAA-926CC9CAF5CE}.Debug|ARM.ActiveCfg = Debug|Any CPU
		{65287D73-4831-45E6-BFAA-926CC9CAF5CE}.Debug|ARM.Build.0 = Debug|Any CPU
		{65287D73-4831-45E6-BFAA-926CC9CAF5CE}.Debug|arm64.ActiveCfg = Debug|Any CPU
		{65287D73-4831-45E6-BFAA-926CC9CAF5CE}.Debug|arm64.Build.0 = Debug|Any CPU
		{65287D73-4831-45E6-BFAA-926CC9CAF5CE}.Debug|x64.ActiveCfg = Debug|Any CPU
		{65287D73-4831-45E6-BFAA-926CC9CAF5CE}.Debug|x64.Build.0 = Debug|Any CPU
		{65287D73-4831-45E6-BFAA-926CC9CAF5CE}.Debug|x86.ActiveCfg = Debug|Any CPU
		{65287D73-4831-45E6-BFAA-926CC9CAF5CE}.Debug|x86.Build.0 = Debug|Any CPU
		{65287D73-4831-45E6-BFAA-926CC9CAF5CE}.Release|Any CPU.ActiveCfg = Release|Any CPU
		{65287D73-4831-45E6-BFAA-926CC9CAF5CE}.Release|Any CPU.Build.0 = Release|Any CPU
		{65287D73-4831-45E6-BFAA-926CC9CAF5CE}.Release|ARM.ActiveCfg = Release|Any CPU
		{65287D73-4831-45E6-BFAA-926CC9CAF5CE}.Release|ARM.Build.0 = Release|Any CPU
		{65287D73-4831-45E6-BFAA-926CC9CAF5CE}.Release|arm64.ActiveCfg = Release|Any CPU
		{65287D73-4831-45E6-BFAA-926CC9CAF5CE}.Release|arm64.Build.0 = Release|Any CPU
		{65287D73-4831-45E6-BFAA-926CC9CAF5CE}.Release|x64.ActiveCfg = Release|Any CPU
		{65287D73-4831-45E6-BFAA-926CC9CAF5CE}.Release|x64.Build.0 = Release|Any CPU
		{65287D73-4831-45E6-BFAA-926CC9CAF5CE}.Release|x86.ActiveCfg = Release|Any CPU
		{65287D73-4831-45E6-BFAA-926CC9CAF5CE}.Release|x86.Build.0 = Release|Any CPU
		{6C4803D0-E45A-42D9-B42A-0B1AA059D823}.Debug|Any CPU.ActiveCfg = Debug|Any CPU
		{6C4803D0-E45A-42D9-B42A-0B1AA059D823}.Debug|Any CPU.Build.0 = Debug|Any CPU
		{6C4803D0-E45A-42D9-B42A-0B1AA059D823}.Debug|ARM.ActiveCfg = Debug|Any CPU
		{6C4803D0-E45A-42D9-B42A-0B1AA059D823}.Debug|ARM.Build.0 = Debug|Any CPU
		{6C4803D0-E45A-42D9-B42A-0B1AA059D823}.Debug|arm64.ActiveCfg = Debug|Any CPU
		{6C4803D0-E45A-42D9-B42A-0B1AA059D823}.Debug|arm64.Build.0 = Debug|Any CPU
		{6C4803D0-E45A-42D9-B42A-0B1AA059D823}.Debug|x64.ActiveCfg = Debug|Any CPU
		{6C4803D0-E45A-42D9-B42A-0B1AA059D823}.Debug|x64.Build.0 = Debug|Any CPU
		{6C4803D0-E45A-42D9-B42A-0B1AA059D823}.Debug|x86.ActiveCfg = Debug|Any CPU
		{6C4803D0-E45A-42D9-B42A-0B1AA059D823}.Debug|x86.Build.0 = Debug|Any CPU
		{6C4803D0-E45A-42D9-B42A-0B1AA059D823}.Release|Any CPU.ActiveCfg = Release|Any CPU
		{6C4803D0-E45A-42D9-B42A-0B1AA059D823}.Release|Any CPU.Build.0 = Release|Any CPU
		{6C4803D0-E45A-42D9-B42A-0B1AA059D823}.Release|ARM.ActiveCfg = Release|Any CPU
		{6C4803D0-E45A-42D9-B42A-0B1AA059D823}.Release|ARM.Build.0 = Release|Any CPU
		{6C4803D0-E45A-42D9-B42A-0B1AA059D823}.Release|arm64.ActiveCfg = Release|Any CPU
		{6C4803D0-E45A-42D9-B42A-0B1AA059D823}.Release|arm64.Build.0 = Release|Any CPU
		{6C4803D0-E45A-42D9-B42A-0B1AA059D823}.Release|x64.ActiveCfg = Release|Any CPU
		{6C4803D0-E45A-42D9-B42A-0B1AA059D823}.Release|x64.Build.0 = Release|Any CPU
		{6C4803D0-E45A-42D9-B42A-0B1AA059D823}.Release|x86.ActiveCfg = Release|Any CPU
		{6C4803D0-E45A-42D9-B42A-0B1AA059D823}.Release|x86.Build.0 = Release|Any CPU
		{F2315EB9-378E-4628-A7E9-01796438254D}.Debug|Any CPU.ActiveCfg = Debug|Any CPU
		{F2315EB9-378E-4628-A7E9-01796438254D}.Debug|Any CPU.Build.0 = Debug|Any CPU
		{F2315EB9-378E-4628-A7E9-01796438254D}.Debug|ARM.ActiveCfg = Debug|Any CPU
		{F2315EB9-378E-4628-A7E9-01796438254D}.Debug|ARM.Build.0 = Debug|Any CPU
		{F2315EB9-378E-4628-A7E9-01796438254D}.Debug|arm64.ActiveCfg = Debug|Any CPU
		{F2315EB9-378E-4628-A7E9-01796438254D}.Debug|arm64.Build.0 = Debug|Any CPU
		{F2315EB9-378E-4628-A7E9-01796438254D}.Debug|x64.ActiveCfg = Debug|Any CPU
		{F2315EB9-378E-4628-A7E9-01796438254D}.Debug|x64.Build.0 = Debug|Any CPU
		{F2315EB9-378E-4628-A7E9-01796438254D}.Debug|x86.ActiveCfg = Debug|Any CPU
		{F2315EB9-378E-4628-A7E9-01796438254D}.Debug|x86.Build.0 = Debug|Any CPU
		{F2315EB9-378E-4628-A7E9-01796438254D}.Release|Any CPU.ActiveCfg = Release|Any CPU
		{F2315EB9-378E-4628-A7E9-01796438254D}.Release|Any CPU.Build.0 = Release|Any CPU
		{F2315EB9-378E-4628-A7E9-01796438254D}.Release|ARM.ActiveCfg = Release|Any CPU
		{F2315EB9-378E-4628-A7E9-01796438254D}.Release|ARM.Build.0 = Release|Any CPU
		{F2315EB9-378E-4628-A7E9-01796438254D}.Release|arm64.ActiveCfg = Release|Any CPU
		{F2315EB9-378E-4628-A7E9-01796438254D}.Release|arm64.Build.0 = Release|Any CPU
		{F2315EB9-378E-4628-A7E9-01796438254D}.Release|x64.ActiveCfg = Release|Any CPU
		{F2315EB9-378E-4628-A7E9-01796438254D}.Release|x64.Build.0 = Release|Any CPU
		{F2315EB9-378E-4628-A7E9-01796438254D}.Release|x86.ActiveCfg = Release|Any CPU
		{F2315EB9-378E-4628-A7E9-01796438254D}.Release|x86.Build.0 = Release|Any CPU
	EndGlobalSection
	GlobalSection(SolutionProperties) = preSolution
		HideSolutionNode = FALSE
	EndGlobalSection
	GlobalSection(NestedProjects) = preSolution
		{A53DA76F-0057-4533-832E-3B4FC57967F4} = {BAA5012B-8770-4776-A793-C9890F7A0BC3}
		{264A09D3-F3F5-4A21-92E6-CBFEAA604FFE} = {BA76CFC8-6CD7-434C-A613-769C29EEF3D9}
		{D73146AD-2465-40AE-9856-5A416328400F} = {6A1A1E25-CA93-446C-9677-70E2B00A70FC}
		{2B65E186-B9E6-4CEF-9AE6-478C6DE59BC4} = {6A1A1E25-CA93-446C-9677-70E2B00A70FC}
		{689EEA5E-FBF9-493C-A04C-4D7FAA139EB9} = {6A1A1E25-CA93-446C-9677-70E2B00A70FC}
		{65287D73-4831-45E6-BFAA-926CC9CAF5CE} = {6A1A1E25-CA93-446C-9677-70E2B00A70FC}
		{46D5196E-876A-4174-A047-B754A1BFE26C} = {6A1A1E25-CA93-446C-9677-70E2B00A70FC}
		{D8D86138-03D5-4BA4-8C19-8CAA9A22945B} = {46D5196E-876A-4174-A047-B754A1BFE26C}
		{6C4803D0-E45A-42D9-B42A-0B1AA059D823} = {D8D86138-03D5-4BA4-8C19-8CAA9A22945B}
		{F2315EB9-378E-4628-A7E9-01796438254D} = {46D5196E-876A-4174-A047-B754A1BFE26C}
		{6279C845-92F8-4333-AB99-3D213163593C} = {BA76CFC8-6CD7-434C-A613-769C29EEF3D9}
	EndGlobalSection
	GlobalSection(ExtensibilityGlobals) = postSolution
		SolutionGuid = {2CA889BA-4A9A-40FB-8D1C-91B9C5D1F87E}
	EndGlobalSection
	GlobalSection(SharedMSBuildProjectFiles) = preSolution
		src\shared\Ratbuddyssey.Apps.Shared\Ratbuddyssey.Apps.Shared.projitems*{264a09d3-f3f5-4a21-92e6-cbfeaa604ffe}*SharedItemsImports = 13
		src\shared\Ratbuddyssey.Apps.Shared\Ratbuddyssey.Apps.Shared.projitems*{2b65e186-b9e6-4cef-9ae6-478c6de59bc4}*SharedItemsImports = 4
		src\shared\Ratbuddyssey.Apps.WinUI.Shared\Ratbuddyssey.Apps.WinUI.Shared.projitems*{2b65e186-b9e6-4cef-9ae6-478c6de59bc4}*SharedItemsImports = 4
		src\shared\Ratbuddyssey.Apps.WinUI.Shared\Ratbuddyssey.Apps.WinUI.Shared.projitems*{6279c845-92f8-4333-ab99-3d213163593c}*SharedItemsImports = 13
		src\shared\Ratbuddyssey.Apps.Shared\Ratbuddyssey.Apps.Shared.projitems*{689eea5e-fbf9-493c-a04c-4d7faa139eb9}*SharedItemsImports = 5
		src\shared\Ratbuddyssey.Apps.WinUI.Shared\Ratbuddyssey.Apps.WinUI.Shared.projitems*{689eea5e-fbf9-493c-a04c-4d7faa139eb9}*SharedItemsImports = 5
		src\shared\Ratbuddyssey.Apps.Shared\Ratbuddyssey.Apps.Shared.projitems*{d73146ad-2465-40ae-9856-5a416328400f}*SharedItemsImports = 5
		src\shared\Ratbuddyssey.Apps.Shared\Ratbuddyssey.Apps.Shared.projitems*{f2315eb9-378e-4628-a7e9-01796438254d}*SharedItemsImports = 5
		src\shared\Ratbuddyssey.Apps.WinUI.Shared\Ratbuddyssey.Apps.WinUI.Shared.projitems*{f2315eb9-378e-4628-a7e9-01796438254d}*SharedItemsImports = 5
	EndGlobalSection
EndGlobal
